
Microsoft Visual Studio Solution File, Format Version 12.00
# Visual Studio Version 16
VisualStudioVersion = 16.0.31911.196
MinimumVisualStudioVersion = 10.0.40219.1
Project("{FAE04EC0-301F-11D3-BF4B-00C04F79EFBC}") = "CoreDemo", "CoreDemo\CoreDemo.csproj", "{A28B5249-0DB2-4435-9851-06602A3F59A1}"
EndProject
Project("{FAE04EC0-301F-11D3-BF4B-00C04F79EFBC}") = "EntityLayer", "EntityLayer\EntityLayer.csproj", "{12826169-4BE2-435C-9464-815F9E3462BD}"
EndProject
Project("{FAE04EC0-301F-11D3-BF4B-00C04F79EFBC}") = "DataAccessLayer", "DataAccessLayer\DataAccessLayer.csproj", "{3BF3483D-04E7-43E3-A03E-DFFC1C0C49DA}"
EndProject
Project("{FAE04EC0-301F-11D3-BF4B-00C04F79EFBC}") = "BusinessLayer", "BusinessLayer\BusinessLayer.csproj", "{E1DE209D-11D1-4083-8BF6-13E8D7C39C74}"
EndProject
Project("{FAE04EC0-301F-11D3-BF4B-00C04F79EFBC}") = "CoreLayer", "CoreLayer\CoreLayer.csproj", "{0B041604-8449-461D-B372-D80EB30FACEA}"
EndProject
Global
	GlobalSection(SolutionConfigurationPlatforms) = preSolution
		Debug|Any CPU = Debug|Any CPU
		Release|Any CPU = Release|Any CPU
	EndGlobalSection
	GlobalSection(ProjectConfigurationPlatforms) = postSolution
		{A28B5249-0DB2-4435-9851-06602A3F59A1}.Debug|Any CPU.ActiveCfg = Debug|Any CPU
		{A28B5249-0DB2-4435-9851-06602A3F59A1}.Debug|Any CPU.Build.0 = Debug|Any CPU
		{A28B5249-0DB2-4435-9851-06602A3F59A1}.Release|Any CPU.ActiveCfg = Release|Any CPU
		{A28B5249-0DB2-4435-9851-06602A3F59A1}.Release|Any CPU.Build.0 = Release|Any CPU
		{12826169-4BE2-435C-9464-815F9E3462BD}.Debug|Any CPU.ActiveCfg = Debug|Any CPU
		{12826169-4BE2-435C-9464-815F9E3462BD}.Debug|Any CPU.Build.0 = Debug|Any CPU
		{12826169-4BE2-435C-9464-815F9E3462BD}.Release|Any CPU.ActiveCfg = Release|Any CPU
		{12826169-4BE2-435C-9464-815F9E3462BD}.Release|Any CPU.Build.0 = Release|Any CPU
		{3BF3483D-04E7-43E3-A03E-DFFC1C0C49DA}.Debug|Any CPU.ActiveCfg = Debug|Any CPU
		{3BF3483D-04E7-43E3-A03E-DFFC1C0C49DA}.Debug|Any CPU.Build.0 = Debug|Any CPU
		{3BF3483D-04E7-43E3-A03E-DFFC1C0C49DA}.Release|Any CPU.ActiveCfg = Release|Any CPU
		{3BF3483D-04E7-43E3-A03E-DFFC1C0C49DA}.Release|Any CPU.Build.0 = Release|Any CPU
		{E1DE209D-11D1-4083-8BF6-13E8D7C39C74}.Debug|Any CPU.ActiveCfg = Debug|Any CPU
		{E1DE209D-11D1-4083-8BF6-13E8D7C39C74}.Debug|Any CPU.Build.0 = Debug|Any CPU
		{E1DE209D-11D1-4083-8BF6-13E8D7C39C74}.Release|Any CPU.ActiveCfg = Release|Any CPU
		{E1DE209D-11D1-4083-8BF6-13E8D7C39C74}.Release|Any CPU.Build.0 = Release|Any CPU
		{0B041604-8449-461D-B372-D80EB30FACEA}.Debug|Any CPU.ActiveCfg = Debug|Any CPU
		{0B041604-8449-461D-B372-D80EB30FACEA}.Debug|Any CPU.Build.0 = Debug|Any CPU
		{0B041604-8449-461D-B372-D80EB30FACEA}.Release|Any CPU.ActiveCfg = Release|Any CPU
		{0B041604-8449-461D-B372-D80EB30FACEA}.Release|Any CPU.Build.0 = Release|Any CPU
	EndGlobalSection
	GlobalSection(SolutionProperties) = preSolution
		HideSolutionNode = FALSE
	EndGlobalSection
	GlobalSection(ExtensibilityGlobals) = postSolution
		SolutionGuid = {DD7D62AD-31A6-401C-A637-C9CD45F3E8BD}
	EndGlobalSection
EndGlobal
